
Microsoft Visual Studio Solution File, Format Version 12.00
# Visual Studio 15
VisualStudioVersion = 15.0.26228.9
MinimumVisualStudioVersion = 10.0.40219.1
Project("{FAE04EC0-301F-11D3-BF4B-00C04F79EFBC}") = "OfflineExamSystem", "OfflineExamSystem\OfflineExamSystem.csproj", "{1887565A-085A-4311-AAA6-D371CF97C288}"
EndProject
Project("{FAE04EC0-301F-11D3-BF4B-00C04F79EFBC}") = "Resources", "Resources\Resources.csproj", "{34B6AF4D-3813-434E-B910-86D37B2E3DAF}"
EndProject
Global
	GlobalSection(SolutionConfigurationPlatforms) = preSolution
		Debug|Any CPU = Debug|Any CPU
		Release|Any CPU = Release|Any CPU
	EndGlobalSection
	GlobalSection(ProjectConfigurationPlatforms) = postSolution
		{1887565A-085A-4311-AAA6-D371CF97C288}.Debug|Any CPU.ActiveCfg = Debug|Any CPU
		{1887565A-085A-4311-AAA6-D371CF97C288}.Debug|Any CPU.Build.0 = Debug|Any CPU
		{1887565A-085A-4311-AAA6-D371CF97C288}.Release|Any CPU.ActiveCfg = Release|Any CPU
		{1887565A-085A-4311-AAA6-D371CF97C288}.Release|Any CPU.Build.0 = Release|Any CPU
		{34B6AF4D-3813-434E-B910-86D37B2E3DAF}.Debug|Any CPU.ActiveCfg = Debug|Any CPU
		{34B6AF4D-3813-434E-B910-86D37B2E3DAF}.Debug|Any CPU.Build.0 = Debug|Any CPU
		{34B6AF4D-3813-434E-B910-86D37B2E3DAF}.Release|Any CPU.ActiveCfg = Release|Any CPU
		{34B6AF4D-3813-434E-B910-86D37B2E3DAF}.Release|Any CPU.Build.0 = Release|Any CPU
	EndGlobalSection
	GlobalSection(SolutionProperties) = preSolution
		HideSolutionNode = FALSE
	EndGlobalSection
EndGlobal
